PODS:
  - everlink_sdk (2.0.0):
    - EverlinkBroadcastSDK (= 3.2.1)
    - Flutter
  - EverlinkBroadcastSDK (3.2.1)
  - Flutter (1.0.0)

DEPENDENCIES:
  - everlink_sdk (from `.symlinks/plugins/everlink_sdk/ios`)
  - Flutter (from `Flutter`)

SPEC REPOS:
  trunk:
    - EverlinkBroadcastSDK

EXTERNAL SOURCES:
  everlink_sdk:
    :path: ".symlinks/plugins/everlink_sdk/ios"
  Flutter:
    :path: Flutter

SPEC CHECKSUMS:
  everlink_sdk: b007af7b97eb41ddb2f0f5d16d6a7139b8b93468
  EverlinkBroadcastSDK: 3c524f0d184967f18a7e9f80235a4991758cc961
  Flutter: e0871f40cf51350855a761d2e70bf5af5b9b5de7

PODFILE CHECKSUM: 819463e6a0290f5a72f145ba7cde16e8b6ef0796

COCOAPODS: 1.16.2
